
Microsoft Visual Studio Solution File, Format Version 12.00
# Visual Studio 15
VisualStudioVersion = 15.0.27703.2035
MinimumVisualStudioVersion = 10.0.40219.1
Project("{888888A0-9F3D-457C-B088-3A5042F75D52}") = "ThreeMinDeeplearning", "ThreeMinDeeplearning\ThreeMinDeeplearning.pyproj", "{36EF322B-B2D1-4BF0-8669-01CEA4C5C74E}"
EndProject
Project("{888888A0-9F3D-457C-B088-3A5042F75D52}") = "CH03", "CH03\CH03.pyproj", "{184FD0F7-3745-4E8D-839D-A5EE8E6C9220}"
EndProject
Project("{888888A0-9F3D-457C-B088-3A5042F75D52}") = "CH04", "CH04\CH04.pyproj", "{4F8B8B86-0BEC-4CEC-9484-EA9B08DE6752}"
EndProject
Global
	GlobalSection(SolutionConfigurationPlatforms) = preSolution
		Debug|Any CPU = Debug|Any CPU
		Release|Any CPU = Release|Any CPU
	EndGlobalSection
	GlobalSection(ProjectConfigurationPlatforms) = postSolution
		{36EF322B-B2D1-4BF0-8669-01CEA4C5C74E}.Debug|Any CPU.ActiveCfg = Debug|Any CPU
		{36EF322B-B2D1-4BF0-8669-01CEA4C5C74E}.Release|Any CPU.ActiveCfg = Release|Any CPU
		{184FD0F7-3745-4E8D-839D-A5EE8E6C9220}.Debug|Any CPU.ActiveCfg = Debug|Any CPU
		{184FD0F7-3745-4E8D-839D-A5EE8E6C9220}.Release|Any CPU.ActiveCfg = Release|Any CPU
		{4F8B8B86-0BEC-4CEC-9484-EA9B08DE6752}.Debug|Any CPU.ActiveCfg = Debug|Any CPU
		{4F8B8B86-0BEC-4CEC-9484-EA9B08DE6752}.Release|Any CPU.ActiveCfg = Release|Any CPU
	EndGlobalSection
	GlobalSection(SolutionProperties) = preSolution
		HideSolutionNode = FALSE
	EndGlobalSection
	GlobalSection(ExtensibilityGlobals) = postSolution
		SolutionGuid = {7054B03D-5128-4D64-AC8B-BC60559440AE}
	EndGlobalSection
EndGlobal
